
Microsoft Visual Studio Solution File, Format Version 12.00
Project("{FAE04EC0-301F-11D3-BF4B-00C04F79EFBC}") = "PaymentGateway", "PaymentGateway\PaymentGateway.csproj", "{6CD4BB6D-B337-4790-A19D-FBBBC1DB28B6}"
EndProject
Project("{FAE04EC0-301F-11D3-BF4B-00C04F79EFBC}") = "PaymentGateway.Tests", "PaymentGateway.Tests\PaymentGateway.Tests.csproj", "{9C4965E6-09B1-4D8D-9C3D-870E8F0FBEB1}"
EndProject
Project("{FAE04EC0-301F-11D3-BF4B-00C04F79EFBC}") = "PaymentGateway.Data", "PaymentGateway.Data\PaymentGateway.Data.csproj", "{28605AA5-94B7-4257-A02D-500CF0868040}"
EndProject
Project("{FAE04EC0-301F-11D3-BF4B-00C04F79EFBC}") = "PaymentGateway.Domain", "PaymentGateway.Domain\PaymentGateway.Domain.csproj", "{01D649A2-CCFD-480A-93B8-192CA095F97E}"
EndProject
Global
	GlobalSection(SolutionConfigurationPlatforms) = preSolution
		Debug|Any CPU = Debug|Any CPU
		Release|Any CPU = Release|Any CPU
	EndGlobalSection
	GlobalSection(ProjectConfigurationPlatforms) = postSolution
		{6CD4BB6D-B337-4790-A19D-FBBBC1DB28B6}.Debug|Any CPU.ActiveCfg = Debug|Any CPU
		{6CD4BB6D-B337-4790-A19D-FBBBC1DB28B6}.Debug|Any CPU.Build.0 = Debug|Any CPU
		{6CD4BB6D-B337-4790-A19D-FBBBC1DB28B6}.Release|Any CPU.ActiveCfg = Release|Any CPU
		{6CD4BB6D-B337-4790-A19D-FBBBC1DB28B6}.Release|Any CPU.Build.0 = Release|Any CPU
		{9C4965E6-09B1-4D8D-9C3D-870E8F0FBEB1}.Debug|Any CPU.ActiveCfg = Debug|Any CPU
		{9C4965E6-09B1-4D8D-9C3D-870E8F0FBEB1}.Debug|Any CPU.Build.0 = Debug|Any CPU
		{9C4965E6-09B1-4D8D-9C3D-870E8F0FBEB1}.Release|Any CPU.ActiveCfg = Release|Any CPU
		{9C4965E6-09B1-4D8D-9C3D-870E8F0FBEB1}.Release|Any CPU.Build.0 = Release|Any CPU
		{28605AA5-94B7-4257-A02D-500CF0868040}.Debug|Any CPU.ActiveCfg = Debug|Any CPU
		{28605AA5-94B7-4257-A02D-500CF0868040}.Debug|Any CPU.Build.0 = Debug|Any CPU
		{28605AA5-94B7-4257-A02D-500CF0868040}.Release|Any CPU.ActiveCfg = Release|Any CPU
		{28605AA5-94B7-4257-A02D-500CF0868040}.Release|Any CPU.Build.0 = Release|Any CPU
		{01D649A2-CCFD-480A-93B8-192CA095F97E}.Debug|Any CPU.ActiveCfg = Debug|Any CPU
		{01D649A2-CCFD-480A-93B8-192CA095F97E}.Debug|Any CPU.Build.0 = Debug|Any CPU
		{01D649A2-CCFD-480A-93B8-192CA095F97E}.Release|Any CPU.ActiveCfg = Release|Any CPU
		{01D649A2-CCFD-480A-93B8-192CA095F97E}.Release|Any CPU.Build.0 = Release|Any CPU
	EndGlobalSection
EndGlobal
